
Microsoft Visual Studio Solution File, Format Version 12.00
# Visual Studio Version 17
VisualStudioVersion = 17.14.37111.16 d17.14
MinimumVisualStudioVersion = 10.0.40219.1
Project("{FAE04EC0-301F-11D3-BF4B-00C04F79EFBC}") = "InsuranceMVC", "InsuranceMVC\InsuranceMVC.csproj", "{15F2AA7A-2C2C-4AD4-8694-5108975FF31C}"
EndProject
Global
	GlobalSection(SolutionConfigurationPlatforms) = preSolution
		Debug|Any CPU = Debug|Any CPU
		Release|Any CPU = Release|Any CPU
	EndGlobalSection
	GlobalSection(ProjectConfigurationPlatforms) = postSolution
		{15F2AA7A-2C2C-4AD4-8694-5108975FF31C}.Debug|Any CPU.ActiveCfg = Debug|Any CPU
		{15F2AA7A-2C2C-4AD4-8694-5108975FF31C}.Debug|Any CPU.Build.0 = Debug|Any CPU
		{15F2AA7A-2C2C-4AD4-8694-5108975FF31C}.Release|Any CPU.ActiveCfg = Release|Any CPU
		{15F2AA7A-2C2C-4AD4-8694-5108975FF31C}.Release|Any CPU.Build.0 = Release|Any CPU
	EndGlobalSection
	GlobalSection(SolutionProperties) = preSolution
		HideSolutionNode = FALSE
	EndGlobalSection
	GlobalSection(ExtensibilityGlobals) = postSolution
		SolutionGuid = {973EE55F-7634-4D27-A4EA-666D18E22104}
	EndGlobalSection
EndGlobal
